// !$*UTF8*$!
{
	archiveVersion = 1;
	classes = {
	};
	objectVersion = 56;
	objects = {

/* Begin PBXBuildFile section */
		B5CB591F2B2B0D5700727FED /* TabBarViewApp.swift in Sources */ = {isa = PBXBuildFile; fileRef = B5CB591E2B2B0D5700727FED /* TabBarViewApp.swift */; };
		B5CB59232B2B0D5900727FED /* Assets.xcassets in Resources */ = {isa = PBXBuildFile; fileRef = B5CB59222B2B0D5900727FED /* Assets.xcassets */; };
		B5CB59262B2B0D5900727FED /* Preview Assets.xcassets in Resources */ = {isa = PBXBuildFile; fileRef = B5CB59252B2B0D5900727FED /* Preview Assets.xcassets */; };
		B5CB592F2B2B0E0C00727FED /* TabBarView.Item.swift in Sources */ = {isa = PBXBuildFile; fileRef = B5CB592D2B2B0E0C00727FED /* TabBarView.Item.swift */; };
		B5CB59302B2B0E0C00727FED /* TabBarView.swift in Sources */ = {isa = PBXBuildFile; fileRef = B5CB592E2B2B0E0C00727FED /* TabBarView.swift */; };
		B5CB59322B2B0EFE00727FED /* TabBarView.Utils.swift in Sources */ = {isa = PBXBuildFile; fileRef = B5CB59312B2B0EFE00727FED /* TabBarView.Utils.swift */; };
		B5CB593B2B2B2F7900727FED /* SampleViews.swift in Sources */ = {isa = PBXBuildFile; fileRef = B5CB593A2B2B2F7900727FED /* SampleViews.swift */; };
/* End PBXBuildFile section */

/* Begin PBXFileReference section */
		B5CB591B2B2B0D5700727FED /* TabBarView.app */ = {isa = PBXFileReference; explicitFileType = wrapper.application; includeInIndex = 0; path = TabBarView.app; sourceTree = BUILT_PRODUCTS_DIR; };
		B5CB591E2B2B0D5700727FED /* TabBarViewApp.swift */ = {isa = PBXFileReference; lastKnownFileType = sourcecode.swift; path = TabBarViewApp.swift; sourceTree = "<group>"; };
		B5CB59222B2B0D5900727FED /* Assets.xcassets */ = {isa = PBXFileReference; lastKnownFileType = folder.assetcatalog; path = Assets.xcassets; sourceTree = "<group>"; };
		B5CB59252B2B0D5900727FED /* Preview Assets.xcassets */ = {isa = PBXFileReference; lastKnownFileType = folder.assetcatalog; path = "Preview Assets.xcassets"; sourceTree = "<group>"; };
		B5CB592D2B2B0E0C00727FED /* TabBarView.Item.swift */ = {isa = PBXFileReference; fileEncoding = 4; lastKnownFileType = sourcecode.swift; path = TabBarView.Item.swift; sourceTree = "<group>"; };
		B5CB592E2B2B0E0C00727FED /* TabBarView.swift */ = {isa = PBXFileReference; fileEncoding = 4; lastKnownFileType = sourcecode.swift; path = TabBarView.swift; sourceTree = "<group>"; };
		B5CB59312B2B0EFE00727FED /* TabBarView.Utils.swift */ = {isa = PBXFileReference; lastKnownFileType = sourcecode.swift; path = TabBarView.Utils.swift; sourceTree = "<group>"; };
		B5CB593A2B2B2F7900727FED /* SampleViews.swift */ = {isa = PBXFileReference; lastKnownFileType = sourcecode.swift; path = SampleViews.swift; sourceTree = "<group>"; };
/* End PBXFileReference section */

/* Begin PBXFrameworksBuildPhase section */
		B5CB59182B2B0D5700727FED /* Frameworks */ = {
			isa = PBXFrameworksBuildPhase;
			buildActionMask = 2147483647;
			files = (
			);
			runOnlyForDeploymentPostprocessing = 0;
		};
/* End PBXFrameworksBuildPhase section */

/* Begin PBXGroup section */
		B5CB59122B2B0D5700727FED = {
			isa = PBXGroup;
			children = (
				B5CB591D2B2B0D5700727FED /* TabBarView */,
				B5CB591C2B2B0D5700727FED /* Products */,
			);
			sourceTree = "<group>";
		};
		B5CB591C2B2B0D5700727FED /* Products */ = {
			isa = PBXGroup;
			children = (
				B5CB591B2B2B0D5700727FED /* TabBarView.app */,
			);
			name = Products;
			sourceTree = "<group>";
		};
		B5CB591D2B2B0D5700727FED /* TabBarView */ = {
			isa = PBXGroup;
			children = (
				B5CB592C2B2B0DEA00727FED /* Component */,
				B5CB59342B2B125300727FED /* Demo */,
				B5CB59222B2B0D5900727FED /* Assets.xcassets */,
				B5CB59242B2B0D5900727FED /* Preview Content */,
			);
			path = TabBarView;
			sourceTree = "<group>";
		};
		B5CB59242B2B0D5900727FED /* Preview Content */ = {
			isa = PBXGroup;
			children = (
				B5CB59252B2B0D5900727FED /* Preview Assets.xcassets */,
			);
			path = "Preview Content";
			sourceTree = "<group>";
		};
		B5CB592C2B2B0DEA00727FED /* Component */ = {
			isa = PBXGroup;
			children = (
				B5CB592E2B2B0E0C00727FED /* TabBarView.swift */,
				B5CB592D2B2B0E0C00727FED /* TabBarView.Item.swift */,
				B5CB59312B2B0EFE00727FED /* TabBarView.Utils.swift */,
			);
			path = Component;
			sourceTree = "<group>";
		};
		B5CB59342B2B125300727FED /* Demo */ = {
			isa = PBXGroup;
			children = (
				B5CB591E2B2B0D5700727FED /* TabBarViewApp.swift */,
				B5CB593A2B2B2F7900727FED /* SampleViews.swift */,
			);
			path = Demo;
			sourceTree = "<group>";
		};
/* End PBXGroup section */

/* Begin PBXNativeTarget section */
		B5CB591A2B2B0D5700727FED /* TabBarView */ = {
			isa = PBXNativeTarget;
			buildConfigurationList = B5CB59292B2B0D5900727FED /* Build configuration list for PBXNativeTarget "TabBarView" */;
			buildPhases = (
				B5CB59172B2B0D5700727FED /* Sources */,
				B5CB59182B2B0D5700727FED /* Frameworks */,
				B5CB59192B2B0D5700727FED /* Resources */,
			);
			buildRules = (
			);
			dependencies = (
			);
			name = TabBarView;
			productName = TabBarView;
			productReference = B5CB591B2B2B0D5700727FED /* TabBarView.app */;
			productType = "com.apple.product-type.application";
		};
/* End PBXNativeTarget section */

/* Begin PBXProject section */
		B5CB59132B2B0D5700727FED /* Project object */ = {
			isa = PBXProject;
			attributes = {
				BuildIndependentTargetsInParallel = 1;
				LastSwiftUpdateCheck = 1510;
				LastUpgradeCheck = 1510;
				TargetAttributes = {
					B5CB591A2B2B0D5700727FED = {
						CreatedOnToolsVersion = 15.1;
					};
				};
			};
			buildConfigurationList = B5CB59162B2B0D5700727FED /* Build configuration list for PBXProject "TabBarView" */;
			compatibilityVersion = "Xcode 14.0";
			developmentRegion = en;
			hasScannedForEncodings = 0;
			knownRegions = (
				en,
				Base,
			);
			mainGroup = B5CB59122B2B0D5700727FED;
			productRefGroup = B5CB591C2B2B0D5700727FED /* Products */;
			projectDirPath = "";
			projectRoot = "";
			targets = (
				B5CB591A2B2B0D5700727FED /* TabBarView */,
			);
		};
/* End PBXProject section */

/* Begin PBXResourcesBuildPhase section */
		B5CB59192B2B0D5700727FED /* Resources */ = {
			isa = PBXResourcesBuildPhase;
			buildActionMask = 2147483647;
			files = (
				B5CB59262B2B0D5900727FED /* Preview Assets.xcassets in Resources */,
				B5CB59232B2B0D5900727FED /* Assets.xcassets in Resources */,
			);
			runOnlyForDeploymentPostprocessing = 0;
		};
/* End PBXResourcesBuildPhase section */

/* Begin PBXSourcesBuildPhase section */
		B5CB59172B2B0D5700727FED /* Sources */ = {
			isa = PBXSourcesBuildPhase;
			buildActionMask = 2147483647;
			files = (
				B5CB592F2B2B0E0C00727FED /* TabBarView.Item.swift in Sources */,
				B5CB59302B2B0E0C00727FED /* TabBarView.swift in Sources */,
				B5CB591F2B2B0D5700727FED /* TabBarViewApp.swift in Sources */,
				B5CB593B2B2B2F7900727FED /* SampleViews.swift in Sources */,
				B5CB59322B2B0EFE00727FED /* TabBarView.Utils.swift in Sources */,
			);
			runOnlyForDeploymentPostprocessing = 0;
		};
/* End PBXSourcesBuildPhase section */

/* Begin XCBuildConfiguration section */
		B5CB59272B2B0D5900727FED /* Debug */ = {
			isa = XCBuildConfiguration;
			buildSettings = {
				ALWAYS_SEARCH_USER_PATHS = NO;
				ASSETCATALOG_COMPILER_GENERATE_SWIFT_ASSET_SYMBOL_EXTENSIONS = YES;
				CLANG_ANALYZER_NONNULL = YES;
				CLANG_ANALYZER_NUMBER_OBJECT_CONVERSION = YES_AGGRESSIVE;
				CLANG_CXX_LANGUAGE_STANDARD = "gnu++20";
				CLANG_ENABLE_MODULES = YES;
				CLANG_ENABLE_OBJC_ARC = YES;
				CLANG_ENABLE_OBJC_WEAK = YES;
				CLANG_WARN_BLOCK_CAPTURE_AUTORELEASING = YES;
				CLANG_WARN_BOOL_CONVERSION = YES;
				CLANG_WARN_COMMA = YES;
				CLANG_WARN_CONSTANT_CONVERSION = YES;
				CLANG_WARN_DEPRECATED_OBJC_IMPLEMENTATIONS = YES;
				CLANG_WARN_DIRECT_OBJC_ISA_USAGE = YES_ERROR;
				CLANG_WARN_DOCUMENTATION_COMMENTS = YES;
				CLANG_WARN_EMPTY_BODY = YES;
				CLANG_WARN_ENUM_CONVERSION = YES;
				CLANG_WARN_INFINITE_RECURSION = YES;
				CLANG_WARN_INT_CONVERSION = YES;
				CLANG_WARN_NON_LITERAL_NULL_CONVERSION = YES;
				CLANG_WARN_OBJC_IMPLICIT_RETAIN_SELF = YES;
				CLANG_WARN_OBJC_LITERAL_CONVERSION = YES;
				CLANG_WARN_OBJC_ROOT_CLASS = YES_ERROR;
				CLANG_WARN_QUOTED_INCLUDE_IN_FRAMEWORK_HEADER = YES;
				CLANG_WARN_RANGE_LOOP_ANALYSIS = YES;
				CLANG_WARN_STRICT_PROTOTYPES = YES;
				CLANG_WARN_SUSPICIOUS_MOVE = YES;
				CLANG_WARN_UNGUARDED_AVAILABILITY = YES_AGGRESSIVE;
				CLANG_WARN_UNREACHABLE_CODE = YES;
				CLANG_WARN__DUPLICATE_METHOD_MATCH = YES;
				COPY_PHASE_STRIP = NO;
				DEBUG_INFORMATION_FORMAT = dwarf;
				ENABLE_STRICT_OBJC_MSGSEND = YES;
				ENABLE_TESTABILITY = YES;
				ENABLE_USER_SCRIPT_SANDBOXING = YES;
				GCC_C_LANGUAGE_STANDARD = gnu17;
				GCC_DYNAMIC_NO_PIC = NO;
				GCC_NO_COMMON_BLOCKS = YES;
				GCC_OPTIMIZATION_LEVEL = 0;
				GCC_PREPROCESSOR_DEFINITIONS = (
					"DEBUG=1",
					"$(inherited)",
				);
				GCC_WARN_64_TO_32_BIT_CONVERSION = YES;
				GCC_WARN_ABOUT_RETURN_TYPE = YES_ERROR;
				GCC_WARN_UNDECLARED_SELECTOR = YES;
				GCC_WARN_UNINITIALIZED_AUTOS = YES_AGGRESSIVE;
				GCC_WARN_UNUSED_FUNCTION = YES;
				GCC_WARN_UNUSED_VARIABLE = YES;
				IPHONEOS_DEPLOYMENT_TARGET = 15.0;
				LOCALIZATION_PREFERS_STRING_CATALOGS = YES;
				MTL_ENABLE_DEBUG_INFO = INCLUDE_SOURCE;
				MTL_FAST_MATH = YES;
				ONLY_ACTIVE_ARCH = YES;
				SDKROOT = iphoneos;
				SWIFT_ACTIVE_COMPILATION_CONDITIONS = "DEBUG $(inherited)";
				SWIFT_OPTIMIZATION_LEVEL = "-Onone";
			};
			name = Debug;
		};
		B5CB59282B2B0D5900727FED /* Release */ = {
			isa = XCBuildConfiguration;
			buildSettings = {
				ALWAYS_SEARCH_USER_PATHS = NO;
				ASSETCATALOG_COMPILER_GENERATE_SWIFT_ASSET_SYMBOL_EXTENSIONS = YES;
				CLANG_ANALYZER_NONNULL = YES;
				CLANG_ANALYZER_NUMBER_OBJECT_CONVERSION = YES_AGGRESSIVE;
				CLANG_CXX_LANGUAGE_STANDARD = "gnu++20";
				CLANG_ENABLE_MODULES = YES;
				CLANG_ENABLE_OBJC_ARC = YES;
				CLANG_ENABLE_OBJC_WEAK = YES;
				CLANG_WARN_BLOCK_CAPTURE_AUTORELEASING = YES;
				CLANG_WARN_BOOL_CONVERSION = YES;
				CLANG_WARN_COMMA = YES;
				CLANG_WARN_CONSTANT_CONVERSION = YES;
				CLANG_WARN_DEPRECATED_OBJC_IMPLEMENTATIONS = YES;
				CLANG_WARN_DIRECT_OBJC_ISA_USAGE = YES_ERROR;
				CLANG_WARN_DOCUMENTATION_COMMENTS = YES;
				CLANG_WARN_EMPTY_BODY = YES;
				CLANG_WARN_ENUM_CONVERSION = YES;
				CLANG_WARN_INFINITE_RECURSION = YES;
				CLANG_WARN_INT_CONVERSION = YES;
				CLANG_WARN_NON_LITERAL_NULL_CONVERSION = YES;
				CLANG_WARN_OBJC_IMPLICIT_RETAIN_SELF = YES;
				CLANG_WARN_OBJC_LITERAL_CONVERSION = YES;
				CLANG_WARN_OBJC_ROOT_CLASS = YES_ERROR;
				CLANG_WARN_QUOTED_INCLUDE_IN_FRAMEWORK_HEADER = YES;
				CLANG_WARN_RANGE_LOOP_ANALYSIS = YES;
				CLANG_WARN_STRICT_PROTOTYPES = YES;
				CLANG_WARN_SUSPICIOUS_MOVE = YES;
				CLANG_WARN_UNGUARDED_AVAILABILITY = YES_AGGRESSIVE;
				CLANG_WARN_UNREACHABLE_CODE = YES;
				CLANG_WARN__DUPLICATE_METHOD_MATCH = YES;
				COPY_PHASE_STRIP = NO;
				DEBUG_INFORMATION_FORMAT = "dwarf-with-dsym";
				ENABLE_NS_ASSERTIONS = NO;
				ENABLE_STRICT_OBJC_MSGSEND = YES;
				ENABLE_USER_SCRIPT_SANDBOXING = YES;
				GCC_C_LANGUAGE_STANDARD = gnu17;
				GCC_NO_COMMON_BLOCKS = YES;
				GCC_WARN_64_TO_32_BIT_CONVERSION = YES;
				GCC_WARN_ABOUT_RETURN_TYPE = YES_ERROR;
				GCC_WARN_UNDECLARED_SELECTOR = YES;
				GCC_WARN_UNINITIALIZED_AUTOS = YES_AGGRESSIVE;
				GCC_WARN_UNUSED_FUNCTION = YES;
				GCC_WARN_UNUSED_VARIABLE = YES;
				IPHONEOS_DEPLOYMENT_TARGET = 15.0;
				LOCALIZATION_PREFERS_STRING_CATALOGS = YES;
				MTL_ENABLE_DEBUG_INFO = NO;
				MTL_FAST_MATH = YES;
				SDKROOT = iphoneos;
				SWIFT_COMPILATION_MODE = wholemodule;
				VALIDATE_PRODUCT = YES;
			};
			name = Release;
		};
		B5CB592A2B2B0D5900727FED /* Debug */ = {
			isa = XCBuildConfiguration;
			buildSettings = {
				ASSETCATALOG_COMPILER_APPICON_NAME = AppIcon;
				ASSETCATALOG_COMPILER_GLOBAL_ACCENT_COLOR_NAME = AccentColor;
				CODE_SIGN_STYLE = Automatic;
				CURRENT_PROJECT_VERSION = 1;
				DEVELOPMENT_ASSET_PATHS = "\"TabBarView/Preview Content\"";
				ENABLE_PREVIEWS = YES;
				GENERATE_INFOPLIST_FILE = YES;
				INFOPLIST_KEY_UIApplicationSceneManifest_Generation = YES;
				INFOPLIST_KEY_UIApplicationSupportsIndirectInputEvents = YES;
				INFOPLIST_KEY_UILaunchScreen_Generation = YES;
				INFOPLIST_KEY_UISupportedInterfaceOrientations_iPad = "UIInterfaceOrientationPortrait UIInterfaceOrientationPortraitUpsideDown UIInterfaceOrientationLandscapeLeft UIInterfaceOrientationLandscapeRight";
				INFOPLIST_KEY_UISupportedInterfaceOrientations_iPhone = "UIInterfaceOrientationPortrait UIInterfaceOrientationLandscapeLeft UIInterfaceOrientationLandscapeRight";
				LD_RUNPATH_SEARCH_PATHS = (
					"$(inherited)",
					"@executable_path/Frameworks",
				);
				MARKETING_VERSION = 1.0;
				PRODUCT_BUNDLE_IDENTIFIER = com.luca.iaconis.TabBarView;
				PRODUCT_NAME = "$(TARGET_NAME)";
				SWIFT_EMIT_LOC_STRINGS = YES;
				SWIFT_VERSION = 5.0;
				TARGETED_DEVICE_FAMILY = "1,2";
			};
			name = Debug;
		};
		B5CB592B2B2B0D5900727FED /* Release */ = {
			isa = XCBuildConfiguration;
			buildSettings = {
				ASSETCATALOG_COMPILER_APPICON_NAME = AppIcon;
				ASSETCATALOG_COMPILER_GLOBAL_ACCENT_COLOR_NAME = AccentColor;
				CODE_SIGN_STYLE = Automatic;
				CURRENT_PROJECT_VERSION = 1;
				DEVELOPMENT_ASSET_PATHS = "\"TabBarView/Preview Content\"";
				ENABLE_PREVIEWS = YES;
				GENERATE_INFOPLIST_FILE = YES;
				INFOPLIST_KEY_UIApplicationSceneManifest_Generation = YES;
				INFOPLIST_KEY_UIApplicationSupportsIndirectInputEvents = YES;
				INFOPLIST_KEY_UILaunchScreen_Generation = YES;
				INFOPLIST_KEY_UISupportedInterfaceOrientations_iPad = "UIInterfaceOrientationPortrait UIInterfaceOrientationPortraitUpsideDown UIInterfaceOrientationLandscapeLeft UIInterfaceOrientationLandscapeRight";
				INFOPLIST_KEY_UISupportedInterfaceOrientations_iPhone = "UIInterfaceOrientationPortrait UIInterfaceOrientationLandscapeLeft UIInterfaceOrientationLandscapeRight";
				LD_RUNPATH_SEARCH_PATHS = (
					"$(inherited)",
					"@executable_path/Frameworks",
				);
				MARKETING_VERSION = 1.0;
				PRODUCT_BUNDLE_IDENTIFIER = com.luca.iaconis.TabBarView;
				PRODUCT_NAME = "$(TARGET_NAME)";
				SWIFT_EMIT_LOC_STRINGS = YES;
				SWIFT_VERSION = 5.0;
				TARGETED_DEVICE_FAMILY = "1,2";
			};
			name = Release;
		};
/* End XCBuildConfiguration section */

/* Begin XCConfigurationList section */
		B5CB59162B2B0D5700727FED /* Build configuration list for PBXProject "TabBarView" */ = {
			isa = XCConfigurationList;
			buildConfigurations = (
				B5CB59272B2B0D5900727FED /* Debug */,
				B5CB59282B2B0D5900727FED /* Release */,
			);
			defaultConfigurationIsVisible = 0;
			defaultConfigurationName = Release;
		};
		B5CB59292B2B0D5900727FED /* Build configuration list for PBXNativeTarget "TabBarView" */ = {
			isa = XCConfigurationList;
			buildConfigurations = (
				B5CB592A2B2B0D5900727FED /* Debug */,
				B5CB592B2B2B0D5900727FED /* Release */,
			);
			defaultConfigurationIsVisible = 0;
			defaultConfigurationName = Release;
		};
/* End XCConfigurationList section */
	};
	rootObject = B5CB59132B2B0D5700727FED /* Project object */;
}
